
Microsoft Visual Studio Solution File, Format Version 12.00
# Visual Studio Version 16
VisualStudioVersion = 16.0.31613.86
MinimumVisualStudioVersion = 10.0.40219.1
Project("{FAE04EC0-301F-11D3-BF4B-00C04F79EFBC}") = "PE2- Squash the Bugs", "PE2- Squash the Bugs.csproj", "{650ACD20-82FF-4806-9058-02895ACA69F9}"
EndProject
Global
	GlobalSection(SolutionConfigurationPlatforms) = preSolution
		Debug|Any CPU = Debug|Any CPU
		Release|Any CPU = Release|Any CPU
	EndGlobalSection
	GlobalSection(ProjectConfigurationPlatforms) = postSolution
		{650ACD20-82FF-4806-9058-02895ACA69F9}.Debug|Any CPU.ActiveCfg = Debug|Any CPU
		{650ACD20-82FF-4806-9058-02895ACA69F9}.Debug|Any CPU.Build.0 = Debug|Any CPU
		{650ACD20-82FF-4806-9058-02895ACA69F9}.Release|Any CPU.ActiveCfg = Release|Any CPU
		{650ACD20-82FF-4806-9058-02895ACA69F9}.Release|Any CPU.Build.0 = Release|Any CPU
	EndGlobalSection
	GlobalSection(SolutionProperties) = preSolution
		HideSolutionNode = FALSE
	EndGlobalSection
	GlobalSection(ExtensibilityGlobals) = postSolution
		SolutionGuid = {B7704E3A-EB85-4D36-A0E5-A7B4D7F6B909}
	EndGlobalSection
EndGlobal
