
Microsoft Visual Studio Solution File, Format Version 12.00
# Visual Studio Version 16
VisualStudioVersion = 16.0.31702.278
MinimumVisualStudioVersion = 10.0.40219.1
Project("{FAE04EC0-301F-11D3-BF4B-00C04F79EFBC}") = "CafeLib", "CafeLib.csproj", "{C68A6DD3-C510-4C00-90BA-0E7CECAD5136}"
EndProject
Global
	GlobalSection(SolutionConfigurationPlatforms) = preSolution
		Debug|Any CPU = Debug|Any CPU
		Release|Any CPU = Release|Any CPU
	EndGlobalSection
	GlobalSection(ProjectConfigurationPlatforms) = postSolution
		{C68A6DD3-C510-4C00-90BA-0E7CECAD5136}.Debug|Any CPU.ActiveCfg = Debug|Any CPU
		{C68A6DD3-C510-4C00-90BA-0E7CECAD5136}.Debug|Any CPU.Build.0 = Debug|Any CPU
		{C68A6DD3-C510-4C00-90BA-0E7CECAD5136}.Release|Any CPU.ActiveCfg = Release|Any CPU
		{C68A6DD3-C510-4C00-90BA-0E7CECAD5136}.Release|Any CPU.Build.0 = Release|Any CPU
	EndGlobalSection
	GlobalSection(SolutionProperties) = preSolution
		HideSolutionNode = FALSE
	EndGlobalSection
	GlobalSection(ExtensibilityGlobals) = postSolution
		SolutionGuid = {F335F97D-F2D9-4FF2-8E82-7B2A78BBA4E5}
	EndGlobalSection
EndGlobal
