
Microsoft Visual Studio Solution File, Format Version 12.00
# Visual Studio Version 16
VisualStudioVersion = 16.0.31729.503
MinimumVisualStudioVersion = 10.0.40219.1
Project("{FAE04EC0-301F-11D3-BF4B-00C04F79EFBC}") = "PE 22", "PE 22\PE 22.csproj", "{71338675-1C3D-40C0-B551-407377A11734}"
EndProject
Global
	GlobalSection(SolutionConfigurationPlatforms) = preSolution
		Debug|Any CPU = Debug|Any CPU
		Release|Any CPU = Release|Any CPU
	EndGlobalSection
	GlobalSection(ProjectConfigurationPlatforms) = postSolution
		{71338675-1C3D-40C0-B551-407377A11734}.Debug|Any CPU.ActiveCfg = Debug|Any CPU
		{71338675-1C3D-40C0-B551-407377A11734}.Debug|Any CPU.Build.0 = Debug|Any CPU
		{71338675-1C3D-40C0-B551-407377A11734}.Release|Any CPU.ActiveCfg = Release|Any CPU
		{71338675-1C3D-40C0-B551-407377A11734}.Release|Any CPU.Build.0 = Release|Any CPU
	EndGlobalSection
	GlobalSection(SolutionProperties) = preSolution
		HideSolutionNode = FALSE
	EndGlobalSection
	GlobalSection(ExtensibilityGlobals) = postSolution
		SolutionGuid = {79513CAA-FB50-415A-9589-116D18B0F475}
	EndGlobalSection
EndGlobal
