
Microsoft Visual Studio Solution File, Format Version 12.00
# Visual Studio Version 16
VisualStudioVersion = 16.0.31613.86
MinimumVisualStudioVersion = 10.0.40219.1
Project("{FAE04EC0-301F-11D3-BF4B-00C04F79EFBC}") = "PE11_6", "PE11_6.csproj", "{859AC706-6C20-4BCE-8AB7-C8D0A9D17AA3}"
EndProject
Global
	GlobalSection(SolutionConfigurationPlatforms) = preSolution
		Debug|Any CPU = Debug|Any CPU
		Release|Any CPU = Release|Any CPU
	EndGlobalSection
	GlobalSection(ProjectConfigurationPlatforms) = postSolution
		{859AC706-6C20-4BCE-8AB7-C8D0A9D17AA3}.Debug|Any CPU.ActiveCfg = Debug|Any CPU
		{859AC706-6C20-4BCE-8AB7-C8D0A9D17AA3}.Debug|Any CPU.Build.0 = Debug|Any CPU
		{859AC706-6C20-4BCE-8AB7-C8D0A9D17AA3}.Release|Any CPU.ActiveCfg = Release|Any CPU
		{859AC706-6C20-4BCE-8AB7-C8D0A9D17AA3}.Release|Any CPU.Build.0 = Release|Any CPU
	EndGlobalSection
	GlobalSection(SolutionProperties) = preSolution
		HideSolutionNode = FALSE
	EndGlobalSection
	GlobalSection(ExtensibilityGlobals) = postSolution
		SolutionGuid = {0264308F-2964-47C3-8993-784191697FBC}
	EndGlobalSection
EndGlobal
