
Microsoft Visual Studio Solution File, Format Version 12.00
# Visual Studio Version 16
VisualStudioVersion = 16.0.31613.86
MinimumVisualStudioVersion = 10.0.40219.1
Project("{FAE04EC0-301F-11D3-BF4B-00C04F79EFBC}") = "demo2", "demo2.csproj", "{1F8CBB22-F366-477D-ABB1-2F9EA24FEE2C}"
EndProject
Global
	GlobalSection(SolutionConfigurationPlatforms) = preSolution
		Debug|Any CPU = Debug|Any CPU
		Release|Any CPU = Release|Any CPU
	EndGlobalSection
	GlobalSection(ProjectConfigurationPlatforms) = postSolution
		{1F8CBB22-F366-477D-ABB1-2F9EA24FEE2C}.Debug|Any CPU.ActiveCfg = Debug|Any CPU
		{1F8CBB22-F366-477D-ABB1-2F9EA24FEE2C}.Debug|Any CPU.Build.0 = Debug|Any CPU
		{1F8CBB22-F366-477D-ABB1-2F9EA24FEE2C}.Release|Any CPU.ActiveCfg = Release|Any CPU
		{1F8CBB22-F366-477D-ABB1-2F9EA24FEE2C}.Release|Any CPU.Build.0 = Release|Any CPU
	EndGlobalSection
	GlobalSection(SolutionProperties) = preSolution
		HideSolutionNode = FALSE
	EndGlobalSection
	GlobalSection(ExtensibilityGlobals) = postSolution
		SolutionGuid = {4B64D23A-BE22-4AE0-9F12-64B1A484A114}
	EndGlobalSection
EndGlobal
