
Microsoft Visual Studio Solution File, Format Version 12.00
# Visual Studio Version 16
VisualStudioVersion = 16.0.31613.86
MinimumVisualStudioVersion = 10.0.40219.1
Project("{FAE04EC0-301F-11D3-BF4B-00C04F79EFBC}") = "PE12_3", "PE12_3.csproj", "{22C424FC-25C2-4032-8DC9-39319BD09DB1}"
EndProject
Global
	GlobalSection(SolutionConfigurationPlatforms) = preSolution
		Debug|Any CPU = Debug|Any CPU
		Release|Any CPU = Release|Any CPU
	EndGlobalSection
	GlobalSection(ProjectConfigurationPlatforms) = postSolution
		{22C424FC-25C2-4032-8DC9-39319BD09DB1}.Debug|Any CPU.ActiveCfg = Debug|Any CPU
		{22C424FC-25C2-4032-8DC9-39319BD09DB1}.Debug|Any CPU.Build.0 = Debug|Any CPU
		{22C424FC-25C2-4032-8DC9-39319BD09DB1}.Release|Any CPU.ActiveCfg = Release|Any CPU
		{22C424FC-25C2-4032-8DC9-39319BD09DB1}.Release|Any CPU.Build.0 = Release|Any CPU
	EndGlobalSection
	GlobalSection(SolutionProperties) = preSolution
		HideSolutionNode = FALSE
	EndGlobalSection
	GlobalSection(ExtensibilityGlobals) = postSolution
		SolutionGuid = {664AE19C-3A8D-4901-90B8-BAB6B1FE95B8}
	EndGlobalSection
EndGlobal
